
Microsoft Visual Studio Solution File, Format Version 12.00
# Visual Studio Version 17
VisualStudioVersion = 17.4.33122.133
MinimumVisualStudioVersion = 10.0.40219.1
Project("{FAE04EC0-301F-11D3-BF4B-00C04F79EFBC}") = "SIGIL", "SIGIL\SIGIL.csproj", "{1CBD6915-3258-4C0C-B42A-FF3F8D1260FB}"
EndProject
Project("{FAE04EC0-301F-11D3-BF4B-00C04F79EFBC}") = "controllers", "controllers\controllers.csproj", "{8BDE6140-EE1C-4FD9-85E8-7F0DFD14CE94}"
EndProject
Project("{FAE04EC0-301F-11D3-BF4B-00C04F79EFBC}") = "Valuechanges", "Valuechanges\Valuechanges.csproj", "{211D48A2-F49F-41AC-BFDB-5D92AC6043DC}"
EndProject
Project("{FAE04EC0-301F-11D3-BF4B-00C04F79EFBC}") = "Interceptions", "Interceptions\Interceptions.csproj", "{C8A72023-3693-4C30-A5ED-9502FE0C10AF}"
EndProject
Project("{FAE04EC0-301F-11D3-BF4B-00C04F79EFBC}") = "controllersvjoy", "controllersvjoy\controllersvjoy.csproj", "{56A4E8A4-7702-4235-B3D8-8E511AD7490D}"
EndProject
Project("{FAE04EC0-301F-11D3-BF4B-00C04F79EFBC}") = "Directinputs", "Directinputs\Directinputs.csproj", "{6BA6817C-47BB-44DE-A4EE-F23B04A29750}"
EndProject
Project("{FAE04EC0-301F-11D3-BF4B-00C04F79EFBC}") = "Xinputs", "Xinputs\Xinputs.csproj", "{134C0CAB-C0B8-4EF8-923B-D31324BF02D0}"
EndProject
Project("{FAE04EC0-301F-11D3-BF4B-00C04F79EFBC}") = "Dualsenses", "Dualsenses\Dualsenses.csproj", "{159B77E8-23F3-4C3A-B144-6A5D99B1A538}"
EndProject
Project("{FAE04EC0-301F-11D3-BF4B-00C04F79EFBC}") = "Dualshocks4", "Dualshocks4\Dualshocks4.csproj", "{5F2354D3-7620-4FFD-A578-9BA982848234}"
EndProject
Project("{FAE04EC0-301F-11D3-BF4B-00C04F79EFBC}") = "Wiimotes", "Wiimotes\Wiimotes.csproj", "{C1F5F4F6-9795-4F5F-A06A-148EE376B84F}"
EndProject
Project("{FAE04EC0-301F-11D3-BF4B-00C04F79EFBC}") = "Switchprocontrollers", "Switchprocontrollers\Switchprocontrollers.csproj", "{8ED3AED1-4E62-486A-A8D6-7EDA69B48559}"
EndProject
Project("{FAE04EC0-301F-11D3-BF4B-00C04F79EFBC}") = "Joyconcharginggrips", "Joyconcharginggrips\Joyconcharginggrips.csproj", "{C3B880B6-7561-4E01-A029-C18C0F494BCD}"
EndProject
Project("{FAE04EC0-301F-11D3-BF4B-00C04F79EFBC}") = "Joyconsleft", "Joyconsleft\Joyconsleft.csproj", "{E611FBC8-48CD-490B-80EB-C7D0115ECCC7}"
EndProject
Project("{FAE04EC0-301F-11D3-BF4B-00C04F79EFBC}") = "Joyconsright", "Joyconsright\Joyconsright.csproj", "{3957BEE1-1EED-455F-A785-5014FA0AFA81}"
EndProject
Project("{FAE04EC0-301F-11D3-BF4B-00C04F79EFBC}") = "Keyboardinputs", "Keyboardinputs\Keyboardinputs.csproj", "{BEB50B3F-8552-444E-BD3F-D930607B60F6}"
EndProject
Project("{FAE04EC0-301F-11D3-BF4B-00C04F79EFBC}") = "Mouseinputs", "Mouseinputs\Mouseinputs.csproj", "{1ED48639-04A4-4CAE-A034-52DE4088979D}"
EndProject
Project("{FAE04EC0-301F-11D3-BF4B-00C04F79EFBC}") = "controllersds4", "controllersds4\controllersds4.csproj", "{1C365D1F-B40B-416A-BF40-3782EC480E8F}"
EndProject
Project("{FAE04EC0-301F-11D3-BF4B-00C04F79EFBC}") = "keyboardsmouses", "keyboardsmouses\keyboardsmouses.csproj", "{03C1545F-4BF7-423D-A788-57803B86BAB7}"
EndProject
Project("{FAE04EC0-301F-11D3-BF4B-00C04F79EFBC}") = "Camera", "Camera\Camera.csproj", "{3EB7CEE9-74D1-4E50-95C1-635151E23C29}"
EndProject
Project("{FAE04EC0-301F-11D3-BF4B-00C04F79EFBC}") = "Speech", "Speech\Speech.csproj", "{2D4E8DDE-67B9-46B6-A256-AEFAF367DF63}"
EndProject
Project("{FAE04EC0-301F-11D3-BF4B-00C04F79EFBC}") = "Keyboardhook", "Keyboardhook\Keyboardhook.csproj", "{F490BD42-6BEF-4F5C-A52C-F192AE6AECFF}"
EndProject
Project("{FAE04EC0-301F-11D3-BF4B-00C04F79EFBC}") = "Mousehook", "Mousehook\Mousehook.csproj", "{C0DADBC7-5B58-4767-84CA-4159A237562D}"
EndProject
Project("{FAE04EC0-301F-11D3-BF4B-00C04F79EFBC}") = "sendinputs", "sendinputs\sendinputs.csproj", "{1D9FB2C4-BBFF-4933-BC58-AF34D8C7C2C2}"
EndProject
Project("{FAE04EC0-301F-11D3-BF4B-00C04F79EFBC}") = "Gamepadshook", "Gamepadshook\Gamepadshook.csproj", "{C7FA239F-CBEC-43C9-91F4-B38BC13C4245}"
EndProject
Project("{FAE04EC0-301F-11D3-BF4B-00C04F79EFBC}") = "Joystickshook", "Joystickshook\Joystickshook.csproj", "{3339A8B5-9D7D-4623-B067-EC06F0D86FE0}"
EndProject
Project("{FAE04EC0-301F-11D3-BF4B-00C04F79EFBC}") = "Networks", "Networks\Networks.csproj", "{A9CD3113-F7AC-4584-9D53-C80229DF6F6B}"
EndProject
Project("{FAE04EC0-301F-11D3-BF4B-00C04F79EFBC}") = "Keyboardrawinputs", "Keyboardrawinputs\Keyboardrawinputs.csproj", "{8D0B0F90-2537-4011-9BB0-5753EADC8DAD}"
EndProject
Project("{FAE04EC0-301F-11D3-BF4B-00C04F79EFBC}") = "Mouserawinputs", "Mouserawinputs\Mouserawinputs.csproj", "{EC6D5517-31C5-4503-A43D-7C677D078338}"
EndProject
Project("{FAE04EC0-301F-11D3-BF4B-00C04F79EFBC}") = "Keyboardxnahook", "Keyboardxnahook\Keyboardxnahook.csproj", "{40ABEE93-618E-49BA-8270-1F793BC03D9E}"
EndProject
Project("{FAE04EC0-301F-11D3-BF4B-00C04F79EFBC}") = "Mousexnahook", "Mousexnahook\Mousexnahook.csproj", "{937A14A0-761F-4FF9-BA25-EE25D8E700EF}"
EndProject
Project("{FAE04EC0-301F-11D3-BF4B-00C04F79EFBC}") = "Keyboardrawhooks", "Keyboardrawhooks\Keyboardrawhooks.csproj", "{072DE04A-A2CD-4E45-B931-714622EC7AE6}"
EndProject
Project("{FAE04EC0-301F-11D3-BF4B-00C04F79EFBC}") = "Mouserawhooks", "Mouserawhooks\Mouserawhooks.csproj", "{02AE4F30-A16B-4EDB-AD2D-EA90667437CC}"
EndProject
Project("{FAE04EC0-301F-11D3-BF4B-00C04F79EFBC}") = "Scalingfactor", "Scalingfactor\Scalingfactor.csproj", "{3754DDA2-F2A0-41BA-9551-50542499FFFF}"
EndProject
Project("{FAE04EC0-301F-11D3-BF4B-00C04F79EFBC}") = "AutocompleteMenu", "AutocompleteMenu\AutocompleteMenu.csproj", "{43CBC9AA-6A8E-463F-83A9-AFF3124AFDB6}"
EndProject
Project("{FAE04EC0-301F-11D3-BF4B-00C04F79EFBC}") = "Wiimoteslib", "Wiimoteslib\Wiimoteslib.csproj", "{F295CA2C-B2EA-4AAE-86A2-342AEF21DA35}"
EndProject
Project("{FAE04EC0-301F-11D3-BF4B-00C04F79EFBC}") = "Sound", "Sound\Sound.csproj", "{895E9CF7-9FC1-473F-8150-F577CACE3220}"
EndProject
Project("{FAE04EC0-301F-11D3-BF4B-00C04F79EFBC}") = "FastColoredTextBox", "FastColoredTextBox\FastColoredTextBox.csproj", "{6DD14A85-CCFC-4774-BD26-0F5772512319}"
EndProject
Project("{FAE04EC0-301F-11D3-BF4B-00C04F79EFBC}") = "Wiimoteslibmp", "Wiimoteslibmp\Wiimoteslibmp.csproj", "{FF71F42B-45A9-4E9D-B8F2-84CC7E6DA49D}"
EndProject
Project("{FAE04EC0-301F-11D3-BF4B-00C04F79EFBC}") = "Timers", "Timers\Timers.csproj", "{C9396DCB-833C-4C2E-8522-E0515A4D4969}"
EndProject
Project("{FAE04EC0-301F-11D3-BF4B-00C04F79EFBC}") = "Valuechangesdelay", "Valuechangesdelay\Valuechangesdelay.csproj", "{A9B8CD85-1930-40EA-B4B5-EFDD0DA2A64D}"
EndProject
Global
	GlobalSection(SolutionConfigurationPlatforms) = preSolution
		Debug|Any CPU = Debug|Any CPU
		Debug|x86 = Debug|x86
		Release|Any CPU = Release|Any CPU
		Release|x86 = Release|x86
	EndGlobalSection
	GlobalSection(ProjectConfigurationPlatforms) = postSolution
		{1CBD6915-3258-4C0C-B42A-FF3F8D1260FB}.Debug|Any CPU.ActiveCfg = Debug|Any CPU
		{1CBD6915-3258-4C0C-B42A-FF3F8D1260FB}.Debug|Any CPU.Build.0 = Debug|Any CPU
		{1CBD6915-3258-4C0C-B42A-FF3F8D1260FB}.Debug|x86.ActiveCfg = Debug|x86
		{1CBD6915-3258-4C0C-B42A-FF3F8D1260FB}.Debug|x86.Build.0 = Debug|x86
		{1CBD6915-3258-4C0C-B42A-FF3F8D1260FB}.Release|Any CPU.ActiveCfg = Release|Any CPU
		{1CBD6915-3258-4C0C-B42A-FF3F8D1260FB}.Release|Any CPU.Build.0 = Release|Any CPU
		{1CBD6915-3258-4C0C-B42A-FF3F8D1260FB}.Release|x86.ActiveCfg = Release|x86
		{1CBD6915-3258-4C0C-B42A-FF3F8D1260FB}.Release|x86.Build.0 = Release|x86
		{8BDE6140-EE1C-4FD9-85E8-7F0DFD14CE94}.Debug|Any CPU.ActiveCfg = Debug|Any CPU
		{8BDE6140-EE1C-4FD9-85E8-7F0DFD14CE94}.Debug|Any CPU.Build.0 = Debug|Any CPU
		{8BDE6140-EE1C-4FD9-85E8-7F0DFD14CE94}.Debug|x86.ActiveCfg = Debug|x86
		{8BDE6140-EE1C-4FD9-85E8-7F0DFD14CE94}.Debug|x86.Build.0 = Debug|x86
		{8BDE6140-EE1C-4FD9-85E8-7F0DFD14CE94}.Release|Any CPU.ActiveCfg = Release|Any CPU
		{8BDE6140-EE1C-4FD9-85E8-7F0DFD14CE94}.Release|Any CPU.Build.0 = Release|Any CPU
		{8BDE6140-EE1C-4FD9-85E8-7F0DFD14CE94}.Release|x86.ActiveCfg = Release|x86
		{8BDE6140-EE1C-4FD9-85E8-7F0DFD14CE94}.Release|x86.Build.0 = Release|x86
		{211D48A2-F49F-41AC-BFDB-5D92AC6043DC}.Debug|Any CPU.ActiveCfg = Debug|Any CPU
		{211D48A2-F49F-41AC-BFDB-5D92AC6043DC}.Debug|Any CPU.Build.0 = Debug|Any CPU
		{211D48A2-F49F-41AC-BFDB-5D92AC6043DC}.Debug|x86.ActiveCfg = Debug|x86
		{211D48A2-F49F-41AC-BFDB-5D92AC6043DC}.Debug|x86.Build.0 = Debug|x86
		{211D48A2-F49F-41AC-BFDB-5D92AC6043DC}.Release|Any CPU.ActiveCfg = Release|Any CPU
		{211D48A2-F49F-41AC-BFDB-5D92AC6043DC}.Release|Any CPU.Build.0 = Release|Any CPU
		{211D48A2-F49F-41AC-BFDB-5D92AC6043DC}.Release|x86.ActiveCfg = Release|x86
		{211D48A2-F49F-41AC-BFDB-5D92AC6043DC}.Release|x86.Build.0 = Release|x86
		{C8A72023-3693-4C30-A5ED-9502FE0C10AF}.Debug|Any CPU.ActiveCfg = Debug|Any CPU
		{C8A72023-3693-4C30-A5ED-9502FE0C10AF}.Debug|Any CPU.Build.0 = Debug|Any CPU
		{C8A72023-3693-4C30-A5ED-9502FE0C10AF}.Debug|x86.ActiveCfg = Debug|x86
		{C8A72023-3693-4C30-A5ED-9502FE0C10AF}.Debug|x86.Build.0 = Debug|x86
		{C8A72023-3693-4C30-A5ED-9502FE0C10AF}.Release|Any CPU.ActiveCfg = Release|Any CPU
		{C8A72023-3693-4C30-A5ED-9502FE0C10AF}.Release|Any CPU.Build.0 = Release|Any CPU
		{C8A72023-3693-4C30-A5ED-9502FE0C10AF}.Release|x86.ActiveCfg = Release|x86
		{C8A72023-3693-4C30-A5ED-9502FE0C10AF}.Release|x86.Build.0 = Release|x86
		{56A4E8A4-7702-4235-B3D8-8E511AD7490D}.Debug|Any CPU.ActiveCfg = Debug|Any CPU
		{56A4E8A4-7702-4235-B3D8-8E511AD7490D}.Debug|Any CPU.Build.0 = Debug|Any CPU
		{56A4E8A4-7702-4235-B3D8-8E511AD7490D}.Debug|x86.ActiveCfg = Debug|x86
		{56A4E8A4-7702-4235-B3D8-8E511AD7490D}.Debug|x86.Build.0 = Debug|x86
		{56A4E8A4-7702-4235-B3D8-8E511AD7490D}.Release|Any CPU.ActiveCfg = Release|Any CPU
		{56A4E8A4-7702-4235-B3D8-8E511AD7490D}.Release|Any CPU.Build.0 = Release|Any CPU
		{56A4E8A4-7702-4235-B3D8-8E511AD7490D}.Release|x86.ActiveCfg = Release|x86
		{56A4E8A4-7702-4235-B3D8-8E511AD7490D}.Release|x86.Build.0 = Release|x86
		{6BA6817C-47BB-44DE-A4EE-F23B04A29750}.Debug|Any CPU.ActiveCfg = Debug|Any CPU
		{6BA6817C-47BB-44DE-A4EE-F23B04A29750}.Debug|Any CPU.Build.0 = Debug|Any CPU
		{6BA6817C-47BB-44DE-A4EE-F23B04A29750}.Debug|x86.ActiveCfg = Debug|x86
		{6BA6817C-47BB-44DE-A4EE-F23B04A29750}.Debug|x86.Build.0 = Debug|x86
		{6BA6817C-47BB-44DE-A4EE-F23B04A29750}.Release|Any CPU.ActiveCfg = Release|Any CPU
		{6BA6817C-47BB-44DE-A4EE-F23B04A29750}.Release|Any CPU.Build.0 = Release|Any CPU
		{6BA6817C-47BB-44DE-A4EE-F23B04A29750}.Release|x86.ActiveCfg = Release|x86
		{6BA6817C-47BB-44DE-A4EE-F23B04A29750}.Release|x86.Build.0 = Release|x86
		{134C0CAB-C0B8-4EF8-923B-D31324BF02D0}.Debug|Any CPU.ActiveCfg = Debug|Any CPU
		{134C0CAB-C0B8-4EF8-923B-D31324BF02D0}.Debug|Any CPU.Build.0 = Debug|Any CPU
		{134C0CAB-C0B8-4EF8-923B-D31324BF02D0}.Debug|x86.ActiveCfg = Debug|x86
		{134C0CAB-C0B8-4EF8-923B-D31324BF02D0}.Debug|x86.Build.0 = Debug|x86
		{134C0CAB-C0B8-4EF8-923B-D31324BF02D0}.Release|Any CPU.ActiveCfg = Release|Any CPU
		{134C0CAB-C0B8-4EF8-923B-D31324BF02D0}.Release|Any CPU.Build.0 = Release|Any CPU
		{134C0CAB-C0B8-4EF8-923B-D31324BF02D0}.Release|x86.ActiveCfg = Release|x86
		{134C0CAB-C0B8-4EF8-923B-D31324BF02D0}.Release|x86.Build.0 = Release|x86
		{159B77E8-23F3-4C3A-B144-6A5D99B1A538}.Debug|Any CPU.ActiveCfg = Debug|Any CPU
		{159B77E8-23F3-4C3A-B144-6A5D99B1A538}.Debug|Any CPU.Build.0 = Debug|Any CPU
		{159B77E8-23F3-4C3A-B144-6A5D99B1A538}.Debug|x86.ActiveCfg = Debug|x86
		{159B77E8-23F3-4C3A-B144-6A5D99B1A538}.Debug|x86.Build.0 = Debug|x86
		{159B77E8-23F3-4C3A-B144-6A5D99B1A538}.Release|Any CPU.ActiveCfg = Release|Any CPU
		{159B77E8-23F3-4C3A-B144-6A5D99B1A538}.Release|Any CPU.Build.0 = Release|Any CPU
		{159B77E8-23F3-4C3A-B144-6A5D99B1A538}.Release|x86.ActiveCfg = Release|x86
		{159B77E8-23F3-4C3A-B144-6A5D99B1A538}.Release|x86.Build.0 = Release|x86
		{5F2354D3-7620-4FFD-A578-9BA982848234}.Debug|Any CPU.ActiveCfg = Debug|Any CPU
		{5F2354D3-7620-4FFD-A578-9BA982848234}.Debug|Any CPU.Build.0 = Debug|Any CPU
		{5F2354D3-7620-4FFD-A578-9BA982848234}.Debug|x86.ActiveCfg = Debug|x86
		{5F2354D3-7620-4FFD-A578-9BA982848234}.Debug|x86.Build.0 = Debug|x86
		{5F2354D3-7620-4FFD-A578-9BA982848234}.Release|Any CPU.ActiveCfg = Release|Any CPU
		{5F2354D3-7620-4FFD-A578-9BA982848234}.Release|Any CPU.Build.0 = Release|Any CPU
		{5F2354D3-7620-4FFD-A578-9BA982848234}.Release|x86.ActiveCfg = Release|x86
		{5F2354D3-7620-4FFD-A578-9BA982848234}.Release|x86.Build.0 = Release|x86
		{C1F5F4F6-9795-4F5F-A06A-148EE376B84F}.Debug|Any CPU.ActiveCfg = Debug|Any CPU
		{C1F5F4F6-9795-4F5F-A06A-148EE376B84F}.Debug|Any CPU.Build.0 = Debug|Any CPU
		{C1F5F4F6-9795-4F5F-A06A-148EE376B84F}.Debug|x86.ActiveCfg = Debug|x86
		{C1F5F4F6-9795-4F5F-A06A-148EE376B84F}.Debug|x86.Build.0 = Debug|x86
		{C1F5F4F6-9795-4F5F-A06A-148EE376B84F}.Release|Any CPU.ActiveCfg = Release|Any CPU
		{C1F5F4F6-9795-4F5F-A06A-148EE376B84F}.Release|Any CPU.Build.0 = Release|Any CPU
		{C1F5F4F6-9795-4F5F-A06A-148EE376B84F}.Release|x86.ActiveCfg = Release|x86
		{C1F5F4F6-9795-4F5F-A06A-148EE376B84F}.Release|x86.Build.0 = Release|x86
		{8ED3AED1-4E62-486A-A8D6-7EDA69B48559}.Debug|Any CPU.ActiveCfg = Debug|Any CPU
		{8ED3AED1-4E62-486A-A8D6-7EDA69B48559}.Debug|Any CPU.Build.0 = Debug|Any CPU
		{8ED3AED1-4E62-486A-A8D6-7EDA69B48559}.Debug|x86.ActiveCfg = Debug|x86
		{8ED3AED1-4E62-486A-A8D6-7EDA69B48559}.Debug|x86.Build.0 = Debug|x86
		{8ED3AED1-4E62-486A-A8D6-7EDA69B48559}.Release|Any CPU.ActiveCfg = Release|Any CPU
		{8ED3AED1-4E62-486A-A8D6-7EDA69B48559}.Release|Any CPU.Build.0 = Release|Any CPU
		{8ED3AED1-4E62-486A-A8D6-7EDA69B48559}.Release|x86.ActiveCfg = Release|x86
		{8ED3AED1-4E62-486A-A8D6-7EDA69B48559}.Release|x86.Build.0 = Release|x86
		{C3B880B6-7561-4E01-A029-C18C0F494BCD}.Debug|Any CPU.ActiveCfg = Debug|Any CPU
		{C3B880B6-7561-4E01-A029-C18C0F494BCD}.Debug|Any CPU.Build.0 = Debug|Any CPU
		{C3B880B6-7561-4E01-A029-C18C0F494BCD}.Debug|x86.ActiveCfg = Debug|x86
		{C3B880B6-7561-4E01-A029-C18C0F494BCD}.Debug|x86.Build.0 = Debug|x86
		{C3B880B6-7561-4E01-A029-C18C0F494BCD}.Release|Any CPU.ActiveCfg = Release|Any CPU
		{C3B880B6-7561-4E01-A029-C18C0F494BCD}.Release|Any CPU.Build.0 = Release|Any CPU
		{C3B880B6-7561-4E01-A029-C18C0F494BCD}.Release|x86.ActiveCfg = Release|x86
		{C3B880B6-7561-4E01-A029-C18C0F494BCD}.Release|x86.Build.0 = Release|x86
		{E611FBC8-48CD-490B-80EB-C7D0115ECCC7}.Debug|Any CPU.ActiveCfg = Debug|Any CPU
		{E611FBC8-48CD-490B-80EB-C7D0115ECCC7}.Debug|Any CPU.Build.0 = Debug|Any CPU
		{E611FBC8-48CD-490B-80EB-C7D0115ECCC7}.Debug|x86.ActiveCfg = Debug|x86
		{E611FBC8-48CD-490B-80EB-C7D0115ECCC7}.Debug|x86.Build.0 = Debug|x86
		{E611FBC8-48CD-490B-80EB-C7D0115ECCC7}.Release|Any CPU.ActiveCfg = Release|Any CPU
		{E611FBC8-48CD-490B-80EB-C7D0115ECCC7}.Release|Any CPU.Build.0 = Release|Any CPU
		{E611FBC8-48CD-490B-80EB-C7D0115ECCC7}.Release|x86.ActiveCfg = Release|x86
		{E611FBC8-48CD-490B-80EB-C7D0115ECCC7}.Release|x86.Build.0 = Release|x86
		{3957BEE1-1EED-455F-A785-5014FA0AFA81}.Debug|Any CPU.ActiveCfg = Debug|Any CPU
		{3957BEE1-1EED-455F-A785-5014FA0AFA81}.Debug|Any CPU.Build.0 = Debug|Any CPU
		{3957BEE1-1EED-455F-A785-5014FA0AFA81}.Debug|x86.ActiveCfg = Debug|x86
		{3957BEE1-1EED-455F-A785-5014FA0AFA81}.Debug|x86.Build.0 = Debug|x86
		{3957BEE1-1EED-455F-A785-5014FA0AFA81}.Release|Any CPU.ActiveCfg = Release|Any CPU
		{3957BEE1-1EED-455F-A785-5014FA0AFA81}.Release|Any CPU.Build.0 = Release|Any CPU
		{3957BEE1-1EED-455F-A785-5014FA0AFA81}.Release|x86.ActiveCfg = Release|x86
		{3957BEE1-1EED-455F-A785-5014FA0AFA81}.Release|x86.Build.0 = Release|x86
		{BEB50B3F-8552-444E-BD3F-D930607B60F6}.Debug|Any CPU.ActiveCfg = Debug|Any CPU
		{BEB50B3F-8552-444E-BD3F-D930607B60F6}.Debug|Any CPU.Build.0 = Debug|Any CPU
		{BEB50B3F-8552-444E-BD3F-D930607B60F6}.Debug|x86.ActiveCfg = Debug|x86
		{BEB50B3F-8552-444E-BD3F-D930607B60F6}.Debug|x86.Build.0 = Debug|x86
		{BEB50B3F-8552-444E-BD3F-D930607B60F6}.Release|Any CPU.ActiveCfg = Release|Any CPU
		{BEB50B3F-8552-444E-BD3F-D930607B60F6}.Release|Any CPU.Build.0 = Release|Any CPU
		{BEB50B3F-8552-444E-BD3F-D930607B60F6}.Release|x86.ActiveCfg = Release|x86
		{BEB50B3F-8552-444E-BD3F-D930607B60F6}.Release|x86.Build.0 = Release|x86
		{1ED48639-04A4-4CAE-A034-52DE4088979D}.Debug|Any CPU.ActiveCfg = Debug|Any CPU
		{1ED48639-04A4-4CAE-A034-52DE4088979D}.Debug|Any CPU.Build.0 = Debug|Any CPU
		{1ED48639-04A4-4CAE-A034-52DE4088979D}.Debug|x86.ActiveCfg = Debug|x86
		{1ED48639-04A4-4CAE-A034-52DE4088979D}.Debug|x86.Build.0 = Debug|x86
		{1ED48639-04A4-4CAE-A034-52DE4088979D}.Release|Any CPU.ActiveCfg = Release|Any CPU
		{1ED48639-04A4-4CAE-A034-52DE4088979D}.Release|Any CPU.Build.0 = Release|Any CPU
		{1ED48639-04A4-4CAE-A034-52DE4088979D}.Release|x86.ActiveCfg = Release|x86
		{1ED48639-04A4-4CAE-A034-52DE4088979D}.Release|x86.Build.0 = Release|x86
		{1C365D1F-B40B-416A-BF40-3782EC480E8F}.Debug|Any CPU.ActiveCfg = Debug|Any CPU
		{1C365D1F-B40B-416A-BF40-3782EC480E8F}.Debug|Any CPU.Build.0 = Debug|Any CPU
		{1C365D1F-B40B-416A-BF40-3782EC480E8F}.Debug|x86.ActiveCfg = Debug|x86
		{1C365D1F-B40B-416A-BF40-3782EC480E8F}.Debug|x86.Build.0 = Debug|x86
		{1C365D1F-B40B-416A-BF40-3782EC480E8F}.Release|Any CPU.ActiveCfg = Release|Any CPU
		{1C365D1F-B40B-416A-BF40-3782EC480E8F}.Release|Any CPU.Build.0 = Release|Any CPU
		{1C365D1F-B40B-416A-BF40-3782EC480E8F}.Release|x86.ActiveCfg = Release|x86
		{1C365D1F-B40B-416A-BF40-3782EC480E8F}.Release|x86.Build.0 = Release|x86
		{03C1545F-4BF7-423D-A788-57803B86BAB7}.Debug|Any CPU.ActiveCfg = Debug|Any CPU
		{03C1545F-4BF7-423D-A788-57803B86BAB7}.Debug|Any CPU.Build.0 = Debug|Any CPU
		{03C1545F-4BF7-423D-A788-57803B86BAB7}.Debug|x86.ActiveCfg = Debug|x86
		{03C1545F-4BF7-423D-A788-57803B86BAB7}.Debug|x86.Build.0 = Debug|x86
		{03C1545F-4BF7-423D-A788-57803B86BAB7}.Release|Any CPU.ActiveCfg = Release|Any CPU
		{03C1545F-4BF7-423D-A788-57803B86BAB7}.Release|Any CPU.Build.0 = Release|Any CPU
		{03C1545F-4BF7-423D-A788-57803B86BAB7}.Release|x86.ActiveCfg = Release|x86
		{03C1545F-4BF7-423D-A788-57803B86BAB7}.Release|x86.Build.0 = Release|x86
		{3EB7CEE9-74D1-4E50-95C1-635151E23C29}.Debug|Any CPU.ActiveCfg = Debug|Any CPU
		{3EB7CEE9-74D1-4E50-95C1-635151E23C29}.Debug|Any CPU.Build.0 = Debug|Any CPU
		{3EB7CEE9-74D1-4E50-95C1-635151E23C29}.Debug|x86.ActiveCfg = Debug|x86
		{3EB7CEE9-74D1-4E50-95C1-635151E23C29}.Debug|x86.Build.0 = Debug|x86
		{3EB7CEE9-74D1-4E50-95C1-635151E23C29}.Release|Any CPU.ActiveCfg = Release|Any CPU
		{3EB7CEE9-74D1-4E50-95C1-635151E23C29}.Release|Any CPU.Build.0 = Release|Any CPU
		{3EB7CEE9-74D1-4E50-95C1-635151E23C29}.Release|x86.ActiveCfg = Release|x86
		{3EB7CEE9-74D1-4E50-95C1-635151E23C29}.Release|x86.Build.0 = Release|x86
		{2D4E8DDE-67B9-46B6-A256-AEFAF367DF63}.Debug|Any CPU.ActiveCfg = Debug|Any CPU
		{2D4E8DDE-67B9-46B6-A256-AEFAF367DF63}.Debug|Any CPU.Build.0 = Debug|Any CPU
		{2D4E8DDE-67B9-46B6-A256-AEFAF367DF63}.Debug|x86.ActiveCfg = Debug|x86
		{2D4E8DDE-67B9-46B6-A256-AEFAF367DF63}.Debug|x86.Build.0 = Debug|x86
		{2D4E8DDE-67B9-46B6-A256-AEFAF367DF63}.Release|Any CPU.ActiveCfg = Release|Any CPU
		{2D4E8DDE-67B9-46B6-A256-AEFAF367DF63}.Release|Any CPU.Build.0 = Release|Any CPU
		{2D4E8DDE-67B9-46B6-A256-AEFAF367DF63}.Release|x86.ActiveCfg = Release|x86
		{2D4E8DDE-67B9-46B6-A256-AEFAF367DF63}.Release|x86.Build.0 = Release|x86
		{F490BD42-6BEF-4F5C-A52C-F192AE6AECFF}.Debug|Any CPU.ActiveCfg = Debug|Any CPU
		{F490BD42-6BEF-4F5C-A52C-F192AE6AECFF}.Debug|Any CPU.Build.0 = Debug|Any CPU
		{F490BD42-6BEF-4F5C-A52C-F192AE6AECFF}.Debug|x86.ActiveCfg = Debug|x86
		{F490BD42-6BEF-4F5C-A52C-F192AE6AECFF}.Debug|x86.Build.0 = Debug|x86
		{F490BD42-6BEF-4F5C-A52C-F192AE6AECFF}.Release|Any CPU.ActiveCfg = Release|Any CPU
		{F490BD42-6BEF-4F5C-A52C-F192AE6AECFF}.Release|Any CPU.Build.0 = Release|Any CPU
		{F490BD42-6BEF-4F5C-A52C-F192AE6AECFF}.Release|x86.ActiveCfg = Release|x86
		{F490BD42-6BEF-4F5C-A52C-F192AE6AECFF}.Release|x86.Build.0 = Release|x86
		{C0DADBC7-5B58-4767-84CA-4159A237562D}.Debug|Any CPU.ActiveCfg = Debug|Any CPU
		{C0DADBC7-5B58-4767-84CA-4159A237562D}.Debug|Any CPU.Build.0 = Debug|Any CPU
		{C0DADBC7-5B58-4767-84CA-4159A237562D}.Debug|x86.ActiveCfg = Debug|x86
		{C0DADBC7-5B58-4767-84CA-4159A237562D}.Debug|x86.Build.0 = Debug|x86
		{C0DADBC7-5B58-4767-84CA-4159A237562D}.Release|Any CPU.ActiveCfg = Release|Any CPU
		{C0DADBC7-5B58-4767-84CA-4159A237562D}.Release|Any CPU.Build.0 = Release|Any CPU
		{C0DADBC7-5B58-4767-84CA-4159A237562D}.Release|x86.ActiveCfg = Release|x86
		{C0DADBC7-5B58-4767-84CA-4159A237562D}.Release|x86.Build.0 = Release|x86
		{1D9FB2C4-BBFF-4933-BC58-AF34D8C7C2C2}.Debug|Any CPU.ActiveCfg = Debug|Any CPU
		{1D9FB2C4-BBFF-4933-BC58-AF34D8C7C2C2}.Debug|Any CPU.Build.0 = Debug|Any CPU
		{1D9FB2C4-BBFF-4933-BC58-AF34D8C7C2C2}.Debug|x86.ActiveCfg = Debug|x86
		{1D9FB2C4-BBFF-4933-BC58-AF34D8C7C2C2}.Debug|x86.Build.0 = Debug|x86
		{1D9FB2C4-BBFF-4933-BC58-AF34D8C7C2C2}.Release|Any CPU.ActiveCfg = Release|Any CPU
		{1D9FB2C4-BBFF-4933-BC58-AF34D8C7C2C2}.Release|Any CPU.Build.0 = Release|Any CPU
		{1D9FB2C4-BBFF-4933-BC58-AF34D8C7C2C2}.Release|x86.ActiveCfg = Release|x86
		{1D9FB2C4-BBFF-4933-BC58-AF34D8C7C2C2}.Release|x86.Build.0 = Release|x86
		{C7FA239F-CBEC-43C9-91F4-B38BC13C4245}.Debug|Any CPU.ActiveCfg = Debug|Any CPU
		{C7FA239F-CBEC-43C9-91F4-B38BC13C4245}.Debug|Any CPU.Build.0 = Debug|Any CPU
		{C7FA239F-CBEC-43C9-91F4-B38BC13C4245}.Debug|x86.ActiveCfg = Debug|x86
		{C7FA239F-CBEC-43C9-91F4-B38BC13C4245}.Debug|x86.Build.0 = Debug|x86
		{C7FA239F-CBEC-43C9-91F4-B38BC13C4245}.Release|Any CPU.ActiveCfg = Release|Any CPU
		{C7FA239F-CBEC-43C9-91F4-B38BC13C4245}.Release|Any CPU.Build.0 = Release|Any CPU
		{C7FA239F-CBEC-43C9-91F4-B38BC13C4245}.Release|x86.ActiveCfg = Release|x86
		{C7FA239F-CBEC-43C9-91F4-B38BC13C4245}.Release|x86.Build.0 = Release|x86
		{3339A8B5-9D7D-4623-B067-EC06F0D86FE0}.Debug|Any CPU.ActiveCfg = Debug|Any CPU
		{3339A8B5-9D7D-4623-B067-EC06F0D86FE0}.Debug|Any CPU.Build.0 = Debug|Any CPU
		{3339A8B5-9D7D-4623-B067-EC06F0D86FE0}.Debug|x86.ActiveCfg = Debug|x86
		{3339A8B5-9D7D-4623-B067-EC06F0D86FE0}.Debug|x86.Build.0 = Debug|x86
		{3339A8B5-9D7D-4623-B067-EC06F0D86FE0}.Release|Any CPU.ActiveCfg = Release|Any CPU
		{3339A8B5-9D7D-4623-B067-EC06F0D86FE0}.Release|Any CPU.Build.0 = Release|Any CPU
		{3339A8B5-9D7D-4623-B067-EC06F0D86FE0}.Release|x86.ActiveCfg = Release|x86
		{3339A8B5-9D7D-4623-B067-EC06F0D86FE0}.Release|x86.Build.0 = Release|x86
		{A9CD3113-F7AC-4584-9D53-C80229DF6F6B}.Debug|Any CPU.ActiveCfg = Debug|Any CPU
		{A9CD3113-F7AC-4584-9D53-C80229DF6F6B}.Debug|Any CPU.Build.0 = Debug|Any CPU
		{A9CD3113-F7AC-4584-9D53-C80229DF6F6B}.Debug|x86.ActiveCfg = Debug|x86
		{A9CD3113-F7AC-4584-9D53-C80229DF6F6B}.Debug|x86.Build.0 = Debug|x86
		{A9CD3113-F7AC-4584-9D53-C80229DF6F6B}.Release|Any CPU.ActiveCfg = Release|Any CPU
		{A9CD3113-F7AC-4584-9D53-C80229DF6F6B}.Release|Any CPU.Build.0 = Release|Any CPU
		{A9CD3113-F7AC-4584-9D53-C80229DF6F6B}.Release|x86.ActiveCfg = Release|x86
		{A9CD3113-F7AC-4584-9D53-C80229DF6F6B}.Release|x86.Build.0 = Release|x86
		{8D0B0F90-2537-4011-9BB0-5753EADC8DAD}.Debug|Any CPU.ActiveCfg = Debug|Any CPU
		{8D0B0F90-2537-4011-9BB0-5753EADC8DAD}.Debug|Any CPU.Build.0 = Debug|Any CPU
		{8D0B0F90-2537-4011-9BB0-5753EADC8DAD}.Debug|x86.ActiveCfg = Debug|x86
		{8D0B0F90-2537-4011-9BB0-5753EADC8DAD}.Debug|x86.Build.0 = Debug|x86
		{8D0B0F90-2537-4011-9BB0-5753EADC8DAD}.Release|Any CPU.ActiveCfg = Release|Any CPU
		{8D0B0F90-2537-4011-9BB0-5753EADC8DAD}.Release|Any CPU.Build.0 = Release|Any CPU
		{8D0B0F90-2537-4011-9BB0-5753EADC8DAD}.Release|x86.ActiveCfg = Release|x86
		{8D0B0F90-2537-4011-9BB0-5753EADC8DAD}.Release|x86.Build.0 = Release|x86
		{EC6D5517-31C5-4503-A43D-7C677D078338}.Debug|Any CPU.ActiveCfg = Debug|Any CPU
		{EC6D5517-31C5-4503-A43D-7C677D078338}.Debug|Any CPU.Build.0 = Debug|Any CPU
		{EC6D5517-31C5-4503-A43D-7C677D078338}.Debug|x86.ActiveCfg = Debug|x86
		{EC6D5517-31C5-4503-A43D-7C677D078338}.Debug|x86.Build.0 = Debug|x86
		{EC6D5517-31C5-4503-A43D-7C677D078338}.Release|Any CPU.ActiveCfg = Release|Any CPU
		{EC6D5517-31C5-4503-A43D-7C677D078338}.Release|Any CPU.Build.0 = Release|Any CPU
		{EC6D5517-31C5-4503-A43D-7C677D078338}.Release|x86.ActiveCfg = Release|x86
		{EC6D5517-31C5-4503-A43D-7C677D078338}.Release|x86.Build.0 = Release|x86
		{40ABEE93-618E-49BA-8270-1F793BC03D9E}.Debug|Any CPU.ActiveCfg = Debug|Any CPU
		{40ABEE93-618E-49BA-8270-1F793BC03D9E}.Debug|Any CPU.Build.0 = Debug|Any CPU
		{40ABEE93-618E-49BA-8270-1F793BC03D9E}.Debug|x86.ActiveCfg = Debug|Any CPU
		{40ABEE93-618E-49BA-8270-1F793BC03D9E}.Debug|x86.Build.0 = Debug|Any CPU
		{40ABEE93-618E-49BA-8270-1F793BC03D9E}.Release|Any CPU.ActiveCfg = Release|Any CPU
		{40ABEE93-618E-49BA-8270-1F793BC03D9E}.Release|Any CPU.Build.0 = Release|Any CPU
		{40ABEE93-618E-49BA-8270-1F793BC03D9E}.Release|x86.ActiveCfg = Release|x86
		{40ABEE93-618E-49BA-8270-1F793BC03D9E}.Release|x86.Build.0 = Release|x86
		{937A14A0-761F-4FF9-BA25-EE25D8E700EF}.Debug|Any CPU.ActiveCfg = Debug|Any CPU
		{937A14A0-761F-4FF9-BA25-EE25D8E700EF}.Debug|Any CPU.Build.0 = Debug|Any CPU
		{937A14A0-761F-4FF9-BA25-EE25D8E700EF}.Debug|x86.ActiveCfg = Debug|Any CPU
		{937A14A0-761F-4FF9-BA25-EE25D8E700EF}.Debug|x86.Build.0 = Debug|Any CPU
		{937A14A0-761F-4FF9-BA25-EE25D8E700EF}.Release|Any CPU.ActiveCfg = Release|Any CPU
		{937A14A0-761F-4FF9-BA25-EE25D8E700EF}.Release|Any CPU.Build.0 = Release|Any CPU
		{937A14A0-761F-4FF9-BA25-EE25D8E700EF}.Release|x86.ActiveCfg = Release|x86
		{937A14A0-761F-4FF9-BA25-EE25D8E700EF}.Release|x86.Build.0 = Release|x86
		{072DE04A-A2CD-4E45-B931-714622EC7AE6}.Debug|Any CPU.ActiveCfg = Debug|Any CPU
		{072DE04A-A2CD-4E45-B931-714622EC7AE6}.Debug|Any CPU.Build.0 = Debug|Any CPU
		{072DE04A-A2CD-4E45-B931-714622EC7AE6}.Debug|x86.ActiveCfg = Debug|Any CPU
		{072DE04A-A2CD-4E45-B931-714622EC7AE6}.Debug|x86.Build.0 = Debug|Any CPU
		{072DE04A-A2CD-4E45-B931-714622EC7AE6}.Release|Any CPU.ActiveCfg = Release|Any CPU
		{072DE04A-A2CD-4E45-B931-714622EC7AE6}.Release|Any CPU.Build.0 = Release|Any CPU
		{072DE04A-A2CD-4E45-B931-714622EC7AE6}.Release|x86.ActiveCfg = Release|Any CPU
		{072DE04A-A2CD-4E45-B931-714622EC7AE6}.Release|x86.Build.0 = Release|Any CPU
		{02AE4F30-A16B-4EDB-AD2D-EA90667437CC}.Debug|Any CPU.ActiveCfg = Debug|Any CPU
		{02AE4F30-A16B-4EDB-AD2D-EA90667437CC}.Debug|Any CPU.Build.0 = Debug|Any CPU
		{02AE4F30-A16B-4EDB-AD2D-EA90667437CC}.Debug|x86.ActiveCfg = Debug|Any CPU
		{02AE4F30-A16B-4EDB-AD2D-EA90667437CC}.Debug|x86.Build.0 = Debug|Any CPU
		{02AE4F30-A16B-4EDB-AD2D-EA90667437CC}.Release|Any CPU.ActiveCfg = Release|Any CPU
		{02AE4F30-A16B-4EDB-AD2D-EA90667437CC}.Release|Any CPU.Build.0 = Release|Any CPU
		{02AE4F30-A16B-4EDB-AD2D-EA90667437CC}.Release|x86.ActiveCfg = Release|Any CPU
		{02AE4F30-A16B-4EDB-AD2D-EA90667437CC}.Release|x86.Build.0 = Release|Any CPU
		{3754DDA2-F2A0-41BA-9551-50542499FFFF}.Debug|Any CPU.ActiveCfg = Debug|Any CPU
		{3754DDA2-F2A0-41BA-9551-50542499FFFF}.Debug|Any CPU.Build.0 = Debug|Any CPU
		{3754DDA2-F2A0-41BA-9551-50542499FFFF}.Debug|x86.ActiveCfg = Debug|Any CPU
		{3754DDA2-F2A0-41BA-9551-50542499FFFF}.Debug|x86.Build.0 = Debug|Any CPU
		{3754DDA2-F2A0-41BA-9551-50542499FFFF}.Release|Any CPU.ActiveCfg = Release|Any CPU
		{3754DDA2-F2A0-41BA-9551-50542499FFFF}.Release|Any CPU.Build.0 = Release|Any CPU
		{3754DDA2-F2A0-41BA-9551-50542499FFFF}.Release|x86.ActiveCfg = Release|Any CPU
		{3754DDA2-F2A0-41BA-9551-50542499FFFF}.Release|x86.Build.0 = Release|Any CPU
		{43CBC9AA-6A8E-463F-83A9-AFF3124AFDB6}.Debug|Any CPU.ActiveCfg = Debug|Any CPU
		{43CBC9AA-6A8E-463F-83A9-AFF3124AFDB6}.Debug|Any CPU.Build.0 = Debug|Any CPU
		{43CBC9AA-6A8E-463F-83A9-AFF3124AFDB6}.Debug|x86.ActiveCfg = Debug|Any CPU
		{43CBC9AA-6A8E-463F-83A9-AFF3124AFDB6}.Debug|x86.Build.0 = Debug|Any CPU
		{43CBC9AA-6A8E-463F-83A9-AFF3124AFDB6}.Release|Any CPU.ActiveCfg = Release|Any CPU
		{43CBC9AA-6A8E-463F-83A9-AFF3124AFDB6}.Release|Any CPU.Build.0 = Release|Any CPU
		{43CBC9AA-6A8E-463F-83A9-AFF3124AFDB6}.Release|x86.ActiveCfg = Release|Any CPU
		{43CBC9AA-6A8E-463F-83A9-AFF3124AFDB6}.Release|x86.Build.0 = Release|Any CPU
		{F295CA2C-B2EA-4AAE-86A2-342AEF21DA35}.Debug|Any CPU.ActiveCfg = Debug|Any CPU
		{F295CA2C-B2EA-4AAE-86A2-342AEF21DA35}.Debug|Any CPU.Build.0 = Debug|Any CPU
		{F295CA2C-B2EA-4AAE-86A2-342AEF21DA35}.Debug|x86.ActiveCfg = Debug|Any CPU
		{F295CA2C-B2EA-4AAE-86A2-342AEF21DA35}.Debug|x86.Build.0 = Debug|Any CPU
		{F295CA2C-B2EA-4AAE-86A2-342AEF21DA35}.Release|Any CPU.ActiveCfg = Release|Any CPU
		{F295CA2C-B2EA-4AAE-86A2-342AEF21DA35}.Release|Any CPU.Build.0 = Release|Any CPU
		{F295CA2C-B2EA-4AAE-86A2-342AEF21DA35}.Release|x86.ActiveCfg = Release|Any CPU
		{F295CA2C-B2EA-4AAE-86A2-342AEF21DA35}.Release|x86.Build.0 = Release|Any CPU
		{895E9CF7-9FC1-473F-8150-F577CACE3220}.Debug|Any CPU.ActiveCfg = Debug|Any CPU
		{895E9CF7-9FC1-473F-8150-F577CACE3220}.Debug|Any CPU.Build.0 = Debug|Any CPU
		{895E9CF7-9FC1-473F-8150-F577CACE3220}.Debug|x86.ActiveCfg = Debug|Any CPU
		{895E9CF7-9FC1-473F-8150-F577CACE3220}.Debug|x86.Build.0 = Debug|Any CPU
		{895E9CF7-9FC1-473F-8150-F577CACE3220}.Release|Any CPU.ActiveCfg = Release|Any CPU
		{895E9CF7-9FC1-473F-8150-F577CACE3220}.Release|Any CPU.Build.0 = Release|Any CPU
		{895E9CF7-9FC1-473F-8150-F577CACE3220}.Release|x86.ActiveCfg = Release|Any CPU
		{895E9CF7-9FC1-473F-8150-F577CACE3220}.Release|x86.Build.0 = Release|Any CPU
		{6DD14A85-CCFC-4774-BD26-0F5772512319}.Debug|Any CPU.ActiveCfg = Debug|Any CPU
		{6DD14A85-CCFC-4774-BD26-0F5772512319}.Debug|Any CPU.Build.0 = Debug|Any CPU
		{6DD14A85-CCFC-4774-BD26-0F5772512319}.Debug|x86.ActiveCfg = Debug|Any CPU
		{6DD14A85-CCFC-4774-BD26-0F5772512319}.Debug|x86.Build.0 = Debug|Any CPU
		{6DD14A85-CCFC-4774-BD26-0F5772512319}.Release|Any CPU.ActiveCfg = Release|Any CPU
		{6DD14A85-CCFC-4774-BD26-0F5772512319}.Release|Any CPU.Build.0 = Release|Any CPU
		{6DD14A85-CCFC-4774-BD26-0F5772512319}.Release|x86.ActiveCfg = Release|Any CPU
		{6DD14A85-CCFC-4774-BD26-0F5772512319}.Release|x86.Build.0 = Release|Any CPU
		{FF71F42B-45A9-4E9D-B8F2-84CC7E6DA49D}.Debug|Any CPU.ActiveCfg = Debug|Any CPU
		{FF71F42B-45A9-4E9D-B8F2-84CC7E6DA49D}.Debug|Any CPU.Build.0 = Debug|Any CPU
		{FF71F42B-45A9-4E9D-B8F2-84CC7E6DA49D}.Debug|x86.ActiveCfg = Debug|Any CPU
		{FF71F42B-45A9-4E9D-B8F2-84CC7E6DA49D}.Debug|x86.Build.0 = Debug|Any CPU
		{FF71F42B-45A9-4E9D-B8F2-84CC7E6DA49D}.Release|Any CPU.ActiveCfg = Release|Any CPU
		{FF71F42B-45A9-4E9D-B8F2-84CC7E6DA49D}.Release|Any CPU.Build.0 = Release|Any CPU
		{FF71F42B-45A9-4E9D-B8F2-84CC7E6DA49D}.Release|x86.ActiveCfg = Release|Any CPU
		{FF71F42B-45A9-4E9D-B8F2-84CC7E6DA49D}.Release|x86.Build.0 = Release|Any CPU
		{C9396DCB-833C-4C2E-8522-E0515A4D4969}.Debug|Any CPU.ActiveCfg = Debug|Any CPU
		{C9396DCB-833C-4C2E-8522-E0515A4D4969}.Debug|Any CPU.Build.0 = Debug|Any CPU
		{C9396DCB-833C-4C2E-8522-E0515A4D4969}.Debug|x86.ActiveCfg = Debug|Any CPU
		{C9396DCB-833C-4C2E-8522-E0515A4D4969}.Debug|x86.Build.0 = Debug|Any CPU
		{C9396DCB-833C-4C2E-8522-E0515A4D4969}.Release|Any CPU.ActiveCfg = Release|Any CPU
		{C9396DCB-833C-4C2E-8522-E0515A4D4969}.Release|Any CPU.Build.0 = Release|Any CPU
		{C9396DCB-833C-4C2E-8522-E0515A4D4969}.Release|x86.ActiveCfg = Release|Any CPU
		{C9396DCB-833C-4C2E-8522-E0515A4D4969}.Release|x86.Build.0 = Release|Any CPU
		{A9B8CD85-1930-40EA-B4B5-EFDD0DA2A64D}.Debug|Any CPU.ActiveCfg = Debug|Any CPU
		{A9B8CD85-1930-40EA-B4B5-EFDD0DA2A64D}.Debug|Any CPU.Build.0 = Debug|Any CPU
		{A9B8CD85-1930-40EA-B4B5-EFDD0DA2A64D}.Debug|x86.ActiveCfg = Debug|Any CPU
		{A9B8CD85-1930-40EA-B4B5-EFDD0DA2A64D}.Debug|x86.Build.0 = Debug|Any CPU
		{A9B8CD85-1930-40EA-B4B5-EFDD0DA2A64D}.Release|Any CPU.ActiveCfg = Release|Any CPU
		{A9B8CD85-1930-40EA-B4B5-EFDD0DA2A64D}.Release|Any CPU.Build.0 = Release|Any CPU
		{A9B8CD85-1930-40EA-B4B5-EFDD0DA2A64D}.Release|x86.ActiveCfg = Release|Any CPU
		{A9B8CD85-1930-40EA-B4B5-EFDD0DA2A64D}.Release|x86.Build.0 = Release|Any CPU
	EndGlobalSection
	GlobalSection(SolutionProperties) = preSolution
		HideSolutionNode = FALSE
	EndGlobalSection
	GlobalSection(ExtensibilityGlobals) = postSolution
		SolutionGuid = {9FA132F8-8088-4AAA-ADD5-D4F7065A116A}
	EndGlobalSection
EndGlobal
