
Microsoft Visual Studio Solution File, Format Version 12.00
# Visual Studio Version 17
VisualStudioVersion = 17.4.33122.133
MinimumVisualStudioVersion = 10.0.40219.1
Project("{FAE04EC0-301F-11D3-BF4B-00C04F79EFBC}") = "SIGIL", "SIGIL\SIGIL.csproj", "{1CBD6915-3258-4C0C-B42A-FF3F8D1260FB}"
EndProject
Project("{FAE04EC0-301F-11D3-BF4B-00C04F79EFBC}") = "controllers", "controllers\controllers.csproj", "{8BDE6140-EE1C-4FD9-85E8-7F0DFD14CE94}"
EndProject
Project("{FAE04EC0-301F-11D3-BF4B-00C04F79EFBC}") = "keyboards", "keyboards\keyboards.csproj", "{3A819ECF-C03A-49FB-B3F5-4E7A5563FB42}"
EndProject
Project("{FAE04EC0-301F-11D3-BF4B-00C04F79EFBC}") = "mouses", "mouses\mouses.csproj", "{53849BEC-E4F5-4043-BFD3-6B87CFC1C1FF}"
EndProject
Project("{FAE04EC0-301F-11D3-BF4B-00C04F79EFBC}") = "Valuechanges", "Valuechanges\Valuechanges.csproj", "{211D48A2-F49F-41AC-BFDB-5D92AC6043DC}"
EndProject
Project("{FAE04EC0-301F-11D3-BF4B-00C04F79EFBC}") = "Interceptions", "Interceptions\Interceptions.csproj", "{C8A72023-3693-4C30-A5ED-9502FE0C10AF}"
EndProject
Project("{FAE04EC0-301F-11D3-BF4B-00C04F79EFBC}") = "controllersds4", "controllersds4\controllersds4.csproj", "{1C365D1F-B40B-416A-BF40-3782EC480E8F}"
EndProject
Project("{FAE04EC0-301F-11D3-BF4B-00C04F79EFBC}") = "controllersvjoy", "controllersvjoy\controllersvjoy.csproj", "{56A4E8A4-7702-4235-B3D8-8E511AD7490D}"
EndProject
Project("{FAE04EC0-301F-11D3-BF4B-00C04F79EFBC}") = "KeyboardMouseinput", "KeyboardMouseinput\KeyboardMouseinput.csproj", "{B95B249F-C364-43B8-A942-3DF5E926EDDA}"
EndProject
Project("{FAE04EC0-301F-11D3-BF4B-00C04F79EFBC}") = "Dualsense", "Dualsense\Dualsense.csproj", "{B2E94D04-B936-4A8E-A0B2-2A8A3B20A807}"
EndProject
Project("{FAE04EC0-301F-11D3-BF4B-00C04F79EFBC}") = "Dualshock4", "Dualshock4\Dualshock4.csproj", "{70861A78-63E8-4B89-98E8-618780B9EDC0}"
EndProject
Project("{FAE04EC0-301F-11D3-BF4B-00C04F79EFBC}") = "Xinput", "Xinput\Xinput.csproj", "{7AB6BC74-D70B-4547-BEE7-97E81647A958}"
EndProject
Project("{FAE04EC0-301F-11D3-BF4B-00C04F79EFBC}") = "Directinput", "Directinput\Directinput.csproj", "{A7930C91-022C-4017-9B78-795C26E0B2A6}"
EndProject
Project("{FAE04EC0-301F-11D3-BF4B-00C04F79EFBC}") = "Wiimote", "Wiimote\Wiimote.csproj", "{1FA4503B-17A2-4DE6-9C7E-DD1E5568E4F4}"
EndProject
Project("{FAE04EC0-301F-11D3-BF4B-00C04F79EFBC}") = "Switchprocontroller", "Switchprocontroller\Switchprocontroller.csproj", "{84FCC24D-1231-484B-9900-3AA6BD8CC2C5}"
EndProject
Project("{FAE04EC0-301F-11D3-BF4B-00C04F79EFBC}") = "Joyconright", "Joyconright\Joyconright.csproj", "{A81591A0-370D-463E-83CF-CF0323D6C892}"
EndProject
Project("{FAE04EC0-301F-11D3-BF4B-00C04F79EFBC}") = "Joyconleft", "Joyconleft\Joyconleft.csproj", "{338B155D-661D-4851-A5C0-449E07AFF13C}"
EndProject
Project("{FAE04EC0-301F-11D3-BF4B-00C04F79EFBC}") = "Joyconcharginggrip", "Joyconcharginggrip\Joyconcharginggrip.csproj", "{4505EAC8-C05A-4EA0-B48C-9973FA61DE22}"
EndProject
Project("{FAE04EC0-301F-11D3-BF4B-00C04F79EFBC}") = "controller", "controller\controller.csproj", "{B1D3A446-EF07-4781-BBD6-4814F8A40E07}"
EndProject
Project("{FAE04EC0-301F-11D3-BF4B-00C04F79EFBC}") = "controllerds4", "controllerds4\controllerds4.csproj", "{45D70334-D981-4971-8D23-BBF07912C86C}"
EndProject
Project("{FAE04EC0-301F-11D3-BF4B-00C04F79EFBC}") = "controllervjoy", "controllervjoy\controllervjoy.csproj", "{D770D569-316C-4AE5-BFFD-1A386D1E619E}"
EndProject
Global
	GlobalSection(SolutionConfigurationPlatforms) = preSolution
		Debug|Any CPU = Debug|Any CPU
		Debug|x86 = Debug|x86
		Release|Any CPU = Release|Any CPU
		Release|x86 = Release|x86
	EndGlobalSection
	GlobalSection(ProjectConfigurationPlatforms) = postSolution
		{1CBD6915-3258-4C0C-B42A-FF3F8D1260FB}.Debug|Any CPU.ActiveCfg = Debug|Any CPU
		{1CBD6915-3258-4C0C-B42A-FF3F8D1260FB}.Debug|Any CPU.Build.0 = Debug|Any CPU
		{1CBD6915-3258-4C0C-B42A-FF3F8D1260FB}.Debug|x86.ActiveCfg = Debug|x86
		{1CBD6915-3258-4C0C-B42A-FF3F8D1260FB}.Debug|x86.Build.0 = Debug|x86
		{1CBD6915-3258-4C0C-B42A-FF3F8D1260FB}.Release|Any CPU.ActiveCfg = Release|Any CPU
		{1CBD6915-3258-4C0C-B42A-FF3F8D1260FB}.Release|Any CPU.Build.0 = Release|Any CPU
		{1CBD6915-3258-4C0C-B42A-FF3F8D1260FB}.Release|x86.ActiveCfg = Release|x86
		{1CBD6915-3258-4C0C-B42A-FF3F8D1260FB}.Release|x86.Build.0 = Release|x86
		{8BDE6140-EE1C-4FD9-85E8-7F0DFD14CE94}.Debug|Any CPU.ActiveCfg = Debug|Any CPU
		{8BDE6140-EE1C-4FD9-85E8-7F0DFD14CE94}.Debug|Any CPU.Build.0 = Debug|Any CPU
		{8BDE6140-EE1C-4FD9-85E8-7F0DFD14CE94}.Debug|x86.ActiveCfg = Debug|Any CPU
		{8BDE6140-EE1C-4FD9-85E8-7F0DFD14CE94}.Debug|x86.Build.0 = Debug|Any CPU
		{8BDE6140-EE1C-4FD9-85E8-7F0DFD14CE94}.Release|Any CPU.ActiveCfg = Release|Any CPU
		{8BDE6140-EE1C-4FD9-85E8-7F0DFD14CE94}.Release|Any CPU.Build.0 = Release|Any CPU
		{8BDE6140-EE1C-4FD9-85E8-7F0DFD14CE94}.Release|x86.ActiveCfg = Release|Any CPU
		{8BDE6140-EE1C-4FD9-85E8-7F0DFD14CE94}.Release|x86.Build.0 = Release|Any CPU
		{3A819ECF-C03A-49FB-B3F5-4E7A5563FB42}.Debug|Any CPU.ActiveCfg = Debug|Any CPU
		{3A819ECF-C03A-49FB-B3F5-4E7A5563FB42}.Debug|Any CPU.Build.0 = Debug|Any CPU
		{3A819ECF-C03A-49FB-B3F5-4E7A5563FB42}.Debug|x86.ActiveCfg = Debug|Any CPU
		{3A819ECF-C03A-49FB-B3F5-4E7A5563FB42}.Debug|x86.Build.0 = Debug|Any CPU
		{3A819ECF-C03A-49FB-B3F5-4E7A5563FB42}.Release|Any CPU.ActiveCfg = Release|Any CPU
		{3A819ECF-C03A-49FB-B3F5-4E7A5563FB42}.Release|Any CPU.Build.0 = Release|Any CPU
		{3A819ECF-C03A-49FB-B3F5-4E7A5563FB42}.Release|x86.ActiveCfg = Release|Any CPU
		{3A819ECF-C03A-49FB-B3F5-4E7A5563FB42}.Release|x86.Build.0 = Release|Any CPU
		{53849BEC-E4F5-4043-BFD3-6B87CFC1C1FF}.Debug|Any CPU.ActiveCfg = Debug|Any CPU
		{53849BEC-E4F5-4043-BFD3-6B87CFC1C1FF}.Debug|Any CPU.Build.0 = Debug|Any CPU
		{53849BEC-E4F5-4043-BFD3-6B87CFC1C1FF}.Debug|x86.ActiveCfg = Debug|Any CPU
		{53849BEC-E4F5-4043-BFD3-6B87CFC1C1FF}.Debug|x86.Build.0 = Debug|Any CPU
		{53849BEC-E4F5-4043-BFD3-6B87CFC1C1FF}.Release|Any CPU.ActiveCfg = Release|Any CPU
		{53849BEC-E4F5-4043-BFD3-6B87CFC1C1FF}.Release|Any CPU.Build.0 = Release|Any CPU
		{53849BEC-E4F5-4043-BFD3-6B87CFC1C1FF}.Release|x86.ActiveCfg = Release|Any CPU
		{53849BEC-E4F5-4043-BFD3-6B87CFC1C1FF}.Release|x86.Build.0 = Release|Any CPU
		{211D48A2-F49F-41AC-BFDB-5D92AC6043DC}.Debug|Any CPU.ActiveCfg = Debug|Any CPU
		{211D48A2-F49F-41AC-BFDB-5D92AC6043DC}.Debug|Any CPU.Build.0 = Debug|Any CPU
		{211D48A2-F49F-41AC-BFDB-5D92AC6043DC}.Debug|x86.ActiveCfg = Debug|Any CPU
		{211D48A2-F49F-41AC-BFDB-5D92AC6043DC}.Debug|x86.Build.0 = Debug|Any CPU
		{211D48A2-F49F-41AC-BFDB-5D92AC6043DC}.Release|Any CPU.ActiveCfg = Release|Any CPU
		{211D48A2-F49F-41AC-BFDB-5D92AC6043DC}.Release|Any CPU.Build.0 = Release|Any CPU
		{211D48A2-F49F-41AC-BFDB-5D92AC6043DC}.Release|x86.ActiveCfg = Release|Any CPU
		{211D48A2-F49F-41AC-BFDB-5D92AC6043DC}.Release|x86.Build.0 = Release|Any CPU
		{C8A72023-3693-4C30-A5ED-9502FE0C10AF}.Debug|Any CPU.ActiveCfg = Debug|Any CPU
		{C8A72023-3693-4C30-A5ED-9502FE0C10AF}.Debug|Any CPU.Build.0 = Debug|Any CPU
		{C8A72023-3693-4C30-A5ED-9502FE0C10AF}.Debug|x86.ActiveCfg = Debug|Any CPU
		{C8A72023-3693-4C30-A5ED-9502FE0C10AF}.Debug|x86.Build.0 = Debug|Any CPU
		{C8A72023-3693-4C30-A5ED-9502FE0C10AF}.Release|Any CPU.ActiveCfg = Release|Any CPU
		{C8A72023-3693-4C30-A5ED-9502FE0C10AF}.Release|Any CPU.Build.0 = Release|Any CPU
		{C8A72023-3693-4C30-A5ED-9502FE0C10AF}.Release|x86.ActiveCfg = Release|Any CPU
		{C8A72023-3693-4C30-A5ED-9502FE0C10AF}.Release|x86.Build.0 = Release|Any CPU
		{1C365D1F-B40B-416A-BF40-3782EC480E8F}.Debug|Any CPU.ActiveCfg = Debug|Any CPU
		{1C365D1F-B40B-416A-BF40-3782EC480E8F}.Debug|Any CPU.Build.0 = Debug|Any CPU
		{1C365D1F-B40B-416A-BF40-3782EC480E8F}.Debug|x86.ActiveCfg = Debug|Any CPU
		{1C365D1F-B40B-416A-BF40-3782EC480E8F}.Debug|x86.Build.0 = Debug|Any CPU
		{1C365D1F-B40B-416A-BF40-3782EC480E8F}.Release|Any CPU.ActiveCfg = Release|Any CPU
		{1C365D1F-B40B-416A-BF40-3782EC480E8F}.Release|Any CPU.Build.0 = Release|Any CPU
		{1C365D1F-B40B-416A-BF40-3782EC480E8F}.Release|x86.ActiveCfg = Release|Any CPU
		{1C365D1F-B40B-416A-BF40-3782EC480E8F}.Release|x86.Build.0 = Release|Any CPU
		{56A4E8A4-7702-4235-B3D8-8E511AD7490D}.Debug|Any CPU.ActiveCfg = Debug|Any CPU
		{56A4E8A4-7702-4235-B3D8-8E511AD7490D}.Debug|Any CPU.Build.0 = Debug|Any CPU
		{56A4E8A4-7702-4235-B3D8-8E511AD7490D}.Debug|x86.ActiveCfg = Debug|Any CPU
		{56A4E8A4-7702-4235-B3D8-8E511AD7490D}.Debug|x86.Build.0 = Debug|Any CPU
		{56A4E8A4-7702-4235-B3D8-8E511AD7490D}.Release|Any CPU.ActiveCfg = Release|Any CPU
		{56A4E8A4-7702-4235-B3D8-8E511AD7490D}.Release|Any CPU.Build.0 = Release|Any CPU
		{56A4E8A4-7702-4235-B3D8-8E511AD7490D}.Release|x86.ActiveCfg = Release|Any CPU
		{56A4E8A4-7702-4235-B3D8-8E511AD7490D}.Release|x86.Build.0 = Release|Any CPU
		{B95B249F-C364-43B8-A942-3DF5E926EDDA}.Debug|Any CPU.ActiveCfg = Debug|Any CPU
		{B95B249F-C364-43B8-A942-3DF5E926EDDA}.Debug|Any CPU.Build.0 = Debug|Any CPU
		{B95B249F-C364-43B8-A942-3DF5E926EDDA}.Debug|x86.ActiveCfg = Debug|Any CPU
		{B95B249F-C364-43B8-A942-3DF5E926EDDA}.Debug|x86.Build.0 = Debug|Any CPU
		{B95B249F-C364-43B8-A942-3DF5E926EDDA}.Release|Any CPU.ActiveCfg = Release|Any CPU
		{B95B249F-C364-43B8-A942-3DF5E926EDDA}.Release|Any CPU.Build.0 = Release|Any CPU
		{B95B249F-C364-43B8-A942-3DF5E926EDDA}.Release|x86.ActiveCfg = Release|Any CPU
		{B95B249F-C364-43B8-A942-3DF5E926EDDA}.Release|x86.Build.0 = Release|Any CPU
		{B2E94D04-B936-4A8E-A0B2-2A8A3B20A807}.Debug|Any CPU.ActiveCfg = Debug|Any CPU
		{B2E94D04-B936-4A8E-A0B2-2A8A3B20A807}.Debug|Any CPU.Build.0 = Debug|Any CPU
		{B2E94D04-B936-4A8E-A0B2-2A8A3B20A807}.Debug|x86.ActiveCfg = Debug|Any CPU
		{B2E94D04-B936-4A8E-A0B2-2A8A3B20A807}.Debug|x86.Build.0 = Debug|Any CPU
		{B2E94D04-B936-4A8E-A0B2-2A8A3B20A807}.Release|Any CPU.ActiveCfg = Release|Any CPU
		{B2E94D04-B936-4A8E-A0B2-2A8A3B20A807}.Release|Any CPU.Build.0 = Release|Any CPU
		{B2E94D04-B936-4A8E-A0B2-2A8A3B20A807}.Release|x86.ActiveCfg = Release|Any CPU
		{B2E94D04-B936-4A8E-A0B2-2A8A3B20A807}.Release|x86.Build.0 = Release|Any CPU
		{70861A78-63E8-4B89-98E8-618780B9EDC0}.Debug|Any CPU.ActiveCfg = Debug|Any CPU
		{70861A78-63E8-4B89-98E8-618780B9EDC0}.Debug|Any CPU.Build.0 = Debug|Any CPU
		{70861A78-63E8-4B89-98E8-618780B9EDC0}.Debug|x86.ActiveCfg = Debug|Any CPU
		{70861A78-63E8-4B89-98E8-618780B9EDC0}.Debug|x86.Build.0 = Debug|Any CPU
		{70861A78-63E8-4B89-98E8-618780B9EDC0}.Release|Any CPU.ActiveCfg = Release|Any CPU
		{70861A78-63E8-4B89-98E8-618780B9EDC0}.Release|Any CPU.Build.0 = Release|Any CPU
		{70861A78-63E8-4B89-98E8-618780B9EDC0}.Release|x86.ActiveCfg = Release|Any CPU
		{70861A78-63E8-4B89-98E8-618780B9EDC0}.Release|x86.Build.0 = Release|Any CPU
		{7AB6BC74-D70B-4547-BEE7-97E81647A958}.Debug|Any CPU.ActiveCfg = Debug|Any CPU
		{7AB6BC74-D70B-4547-BEE7-97E81647A958}.Debug|Any CPU.Build.0 = Debug|Any CPU
		{7AB6BC74-D70B-4547-BEE7-97E81647A958}.Debug|x86.ActiveCfg = Debug|Any CPU
		{7AB6BC74-D70B-4547-BEE7-97E81647A958}.Debug|x86.Build.0 = Debug|Any CPU
		{7AB6BC74-D70B-4547-BEE7-97E81647A958}.Release|Any CPU.ActiveCfg = Release|Any CPU
		{7AB6BC74-D70B-4547-BEE7-97E81647A958}.Release|Any CPU.Build.0 = Release|Any CPU
		{7AB6BC74-D70B-4547-BEE7-97E81647A958}.Release|x86.ActiveCfg = Release|Any CPU
		{7AB6BC74-D70B-4547-BEE7-97E81647A958}.Release|x86.Build.0 = Release|Any CPU
		{A7930C91-022C-4017-9B78-795C26E0B2A6}.Debug|Any CPU.ActiveCfg = Debug|Any CPU
		{A7930C91-022C-4017-9B78-795C26E0B2A6}.Debug|Any CPU.Build.0 = Debug|Any CPU
		{A7930C91-022C-4017-9B78-795C26E0B2A6}.Debug|x86.ActiveCfg = Debug|Any CPU
		{A7930C91-022C-4017-9B78-795C26E0B2A6}.Debug|x86.Build.0 = Debug|Any CPU
		{A7930C91-022C-4017-9B78-795C26E0B2A6}.Release|Any CPU.ActiveCfg = Release|Any CPU
		{A7930C91-022C-4017-9B78-795C26E0B2A6}.Release|Any CPU.Build.0 = Release|Any CPU
		{A7930C91-022C-4017-9B78-795C26E0B2A6}.Release|x86.ActiveCfg = Release|Any CPU
		{A7930C91-022C-4017-9B78-795C26E0B2A6}.Release|x86.Build.0 = Release|Any CPU
		{1FA4503B-17A2-4DE6-9C7E-DD1E5568E4F4}.Debug|Any CPU.ActiveCfg = Debug|Any CPU
		{1FA4503B-17A2-4DE6-9C7E-DD1E5568E4F4}.Debug|Any CPU.Build.0 = Debug|Any CPU
		{1FA4503B-17A2-4DE6-9C7E-DD1E5568E4F4}.Debug|x86.ActiveCfg = Debug|Any CPU
		{1FA4503B-17A2-4DE6-9C7E-DD1E5568E4F4}.Debug|x86.Build.0 = Debug|Any CPU
		{1FA4503B-17A2-4DE6-9C7E-DD1E5568E4F4}.Release|Any CPU.ActiveCfg = Release|Any CPU
		{1FA4503B-17A2-4DE6-9C7E-DD1E5568E4F4}.Release|Any CPU.Build.0 = Release|Any CPU
		{1FA4503B-17A2-4DE6-9C7E-DD1E5568E4F4}.Release|x86.ActiveCfg = Release|Any CPU
		{1FA4503B-17A2-4DE6-9C7E-DD1E5568E4F4}.Release|x86.Build.0 = Release|Any CPU
		{84FCC24D-1231-484B-9900-3AA6BD8CC2C5}.Debug|Any CPU.ActiveCfg = Debug|Any CPU
		{84FCC24D-1231-484B-9900-3AA6BD8CC2C5}.Debug|Any CPU.Build.0 = Debug|Any CPU
		{84FCC24D-1231-484B-9900-3AA6BD8CC2C5}.Debug|x86.ActiveCfg = Debug|Any CPU
		{84FCC24D-1231-484B-9900-3AA6BD8CC2C5}.Debug|x86.Build.0 = Debug|Any CPU
		{84FCC24D-1231-484B-9900-3AA6BD8CC2C5}.Release|Any CPU.ActiveCfg = Release|Any CPU
		{84FCC24D-1231-484B-9900-3AA6BD8CC2C5}.Release|Any CPU.Build.0 = Release|Any CPU
		{84FCC24D-1231-484B-9900-3AA6BD8CC2C5}.Release|x86.ActiveCfg = Release|Any CPU
		{84FCC24D-1231-484B-9900-3AA6BD8CC2C5}.Release|x86.Build.0 = Release|Any CPU
		{A81591A0-370D-463E-83CF-CF0323D6C892}.Debug|Any CPU.ActiveCfg = Debug|Any CPU
		{A81591A0-370D-463E-83CF-CF0323D6C892}.Debug|Any CPU.Build.0 = Debug|Any CPU
		{A81591A0-370D-463E-83CF-CF0323D6C892}.Debug|x86.ActiveCfg = Debug|Any CPU
		{A81591A0-370D-463E-83CF-CF0323D6C892}.Debug|x86.Build.0 = Debug|Any CPU
		{A81591A0-370D-463E-83CF-CF0323D6C892}.Release|Any CPU.ActiveCfg = Release|Any CPU
		{A81591A0-370D-463E-83CF-CF0323D6C892}.Release|Any CPU.Build.0 = Release|Any CPU
		{A81591A0-370D-463E-83CF-CF0323D6C892}.Release|x86.ActiveCfg = Release|Any CPU
		{A81591A0-370D-463E-83CF-CF0323D6C892}.Release|x86.Build.0 = Release|Any CPU
		{338B155D-661D-4851-A5C0-449E07AFF13C}.Debug|Any CPU.ActiveCfg = Debug|Any CPU
		{338B155D-661D-4851-A5C0-449E07AFF13C}.Debug|Any CPU.Build.0 = Debug|Any CPU
		{338B155D-661D-4851-A5C0-449E07AFF13C}.Debug|x86.ActiveCfg = Debug|Any CPU
		{338B155D-661D-4851-A5C0-449E07AFF13C}.Debug|x86.Build.0 = Debug|Any CPU
		{338B155D-661D-4851-A5C0-449E07AFF13C}.Release|Any CPU.ActiveCfg = Release|Any CPU
		{338B155D-661D-4851-A5C0-449E07AFF13C}.Release|Any CPU.Build.0 = Release|Any CPU
		{338B155D-661D-4851-A5C0-449E07AFF13C}.Release|x86.ActiveCfg = Release|Any CPU
		{338B155D-661D-4851-A5C0-449E07AFF13C}.Release|x86.Build.0 = Release|Any CPU
		{4505EAC8-C05A-4EA0-B48C-9973FA61DE22}.Debug|Any CPU.ActiveCfg = Debug|Any CPU
		{4505EAC8-C05A-4EA0-B48C-9973FA61DE22}.Debug|Any CPU.Build.0 = Debug|Any CPU
		{4505EAC8-C05A-4EA0-B48C-9973FA61DE22}.Debug|x86.ActiveCfg = Debug|Any CPU
		{4505EAC8-C05A-4EA0-B48C-9973FA61DE22}.Debug|x86.Build.0 = Debug|Any CPU
		{4505EAC8-C05A-4EA0-B48C-9973FA61DE22}.Release|Any CPU.ActiveCfg = Release|Any CPU
		{4505EAC8-C05A-4EA0-B48C-9973FA61DE22}.Release|Any CPU.Build.0 = Release|Any CPU
		{4505EAC8-C05A-4EA0-B48C-9973FA61DE22}.Release|x86.ActiveCfg = Release|Any CPU
		{4505EAC8-C05A-4EA0-B48C-9973FA61DE22}.Release|x86.Build.0 = Release|Any CPU
		{B1D3A446-EF07-4781-BBD6-4814F8A40E07}.Debug|Any CPU.ActiveCfg = Debug|Any CPU
		{B1D3A446-EF07-4781-BBD6-4814F8A40E07}.Debug|Any CPU.Build.0 = Debug|Any CPU
		{B1D3A446-EF07-4781-BBD6-4814F8A40E07}.Debug|x86.ActiveCfg = Debug|Any CPU
		{B1D3A446-EF07-4781-BBD6-4814F8A40E07}.Debug|x86.Build.0 = Debug|Any CPU
		{B1D3A446-EF07-4781-BBD6-4814F8A40E07}.Release|Any CPU.ActiveCfg = Release|Any CPU
		{B1D3A446-EF07-4781-BBD6-4814F8A40E07}.Release|Any CPU.Build.0 = Release|Any CPU
		{B1D3A446-EF07-4781-BBD6-4814F8A40E07}.Release|x86.ActiveCfg = Release|Any CPU
		{B1D3A446-EF07-4781-BBD6-4814F8A40E07}.Release|x86.Build.0 = Release|Any CPU
		{45D70334-D981-4971-8D23-BBF07912C86C}.Debug|Any CPU.ActiveCfg = Debug|Any CPU
		{45D70334-D981-4971-8D23-BBF07912C86C}.Debug|Any CPU.Build.0 = Debug|Any CPU
		{45D70334-D981-4971-8D23-BBF07912C86C}.Debug|x86.ActiveCfg = Debug|Any CPU
		{45D70334-D981-4971-8D23-BBF07912C86C}.Debug|x86.Build.0 = Debug|Any CPU
		{45D70334-D981-4971-8D23-BBF07912C86C}.Release|Any CPU.ActiveCfg = Release|Any CPU
		{45D70334-D981-4971-8D23-BBF07912C86C}.Release|Any CPU.Build.0 = Release|Any CPU
		{45D70334-D981-4971-8D23-BBF07912C86C}.Release|x86.ActiveCfg = Release|Any CPU
		{45D70334-D981-4971-8D23-BBF07912C86C}.Release|x86.Build.0 = Release|Any CPU
		{D770D569-316C-4AE5-BFFD-1A386D1E619E}.Debug|Any CPU.ActiveCfg = Debug|Any CPU
		{D770D569-316C-4AE5-BFFD-1A386D1E619E}.Debug|Any CPU.Build.0 = Debug|Any CPU
		{D770D569-316C-4AE5-BFFD-1A386D1E619E}.Debug|x86.ActiveCfg = Debug|Any CPU
		{D770D569-316C-4AE5-BFFD-1A386D1E619E}.Debug|x86.Build.0 = Debug|Any CPU
		{D770D569-316C-4AE5-BFFD-1A386D1E619E}.Release|Any CPU.ActiveCfg = Release|Any CPU
		{D770D569-316C-4AE5-BFFD-1A386D1E619E}.Release|Any CPU.Build.0 = Release|Any CPU
		{D770D569-316C-4AE5-BFFD-1A386D1E619E}.Release|x86.ActiveCfg = Release|Any CPU
		{D770D569-316C-4AE5-BFFD-1A386D1E619E}.Release|x86.Build.0 = Release|Any CPU
	EndGlobalSection
	GlobalSection(SolutionProperties) = preSolution
		HideSolutionNode = FALSE
	EndGlobalSection
	GlobalSection(ExtensibilityGlobals) = postSolution
		SolutionGuid = {9FA132F8-8088-4AAA-ADD5-D4F7065A116A}
	EndGlobalSection
EndGlobal
